
Microsoft Visual Studio Solution File, Format Version 12.00
# Visual Studio Version 17
VisualStudioVersion = 17.4.33122.133
MinimumVisualStudioVersion = 10.0.40219.1
Project("{FAE04EC0-301F-11D3-BF4B-00C04F79EFBC}") = "dz01", "dz01\dz01.csproj", "{39930E55-24A8-43D7-AB9A-EEA60425DDA3}"
EndProject
Global
	GlobalSection(SolutionConfigurationPlatforms) = preSolution
		Debug|Any CPU = Debug|Any CPU
		Release|Any CPU = Release|Any CPU
	EndGlobalSection
	GlobalSection(ProjectConfigurationPlatforms) = postSolution
		{39930E55-24A8-43D7-AB9A-EEA60425DDA3}.Debug|Any CPU.ActiveCfg = Debug|Any CPU
		{39930E55-24A8-43D7-AB9A-EEA60425DDA3}.Debug|Any CPU.Build.0 = Debug|Any CPU
		{39930E55-24A8-43D7-AB9A-EEA60425DDA3}.Release|Any CPU.ActiveCfg = Release|Any CPU
		{39930E55-24A8-43D7-AB9A-EEA60425DDA3}.Release|Any CPU.Build.0 = Release|Any CPU
	EndGlobalSection
	GlobalSection(SolutionProperties) = preSolution
		HideSolutionNode = FALSE
	EndGlobalSection
	GlobalSection(ExtensibilityGlobals) = postSolution
		SolutionGuid = {11F99C73-EA97-494D-BFC3-FA3A7F88490E}
	EndGlobalSection
EndGlobal
